Microsoft Visual Studio Solution File, Format Version 12.00
# Visual Studio Version 17
VisualStudioVersion = 17.2.32210.308
MinimumVisualStudioVersion = 10.0.40219.1
Project("{2150E333-8FDC-42A3-9474-1A3956D46DE8}") = "Source", "Source", "{016C529B-33E0-4A0C-B231-F307D84F1CE8}"
EndProject
Project("{9A19103F-16F7-4668-BE54-9A1E7A4F7556}") = "WpfHosting", "Source\WpfHosting\WpfHosting.csproj", "{CD0D34CC-F635-4036-96A7-21095F8F947F}"
EndProject
Project("{9A19103F-16F7-4668-BE54-9A1E7A4F7556}") = "WpfHosting.Sample", "Source\WpfHosting.Sample\WpfHosting.Sample.csproj", "{1B990FE7-87DA-4E2C-8D53-FDC4F479B790}"
EndProject
Project("{FAE04EC0-301F-11D3-BF4B-00C04F79EFBC}") = "WpfHosting.Sample.ViewModels", "Source\WpfHosting.Sample.ViewModels\WpfHosting.Sample.ViewModels.csproj", "{AFF15A0C-5641-4400-8C5F-FBC6FE253CEB}"
EndProject
Global
	GlobalSection(SolutionConfigurationPlatforms) = preSolution
		Debug|Any CPU = Debug|Any CPU
		Release|Any CPU = Release|Any CPU
	EndGlobalSection
	GlobalSection(ProjectConfigurationPlatforms) = postSolution
		{CD0D34CC-F635-4036-96A7-21095F8F947F}.Debug|Any CPU.ActiveCfg = Debug|Any CPU
		{CD0D34CC-F635-4036-96A7-21095F8F947F}.Debug|Any CPU.Build.0 = Debug|Any CPU
		{CD0D34CC-F635-4036-96A7-21095F8F947F}.Release|Any CPU.ActiveCfg = Release|Any CPU
		{CD0D34CC-F635-4036-96A7-21095F8F947F}.Release|Any CPU.Build.0 = Release|Any CPU
		{1B990FE7-87DA-4E2C-8D53-FDC4F479B790}.Debug|Any CPU.ActiveCfg = Debug|Any CPU
		{1B990FE7-87DA-4E2C-8D53-FDC4F479B790}.Debug|Any CPU.Build.0 = Debug|Any CPU
		{1B990FE7-87DA-4E2C-8D53-FDC4F479B790}.Release|Any CPU.ActiveCfg = Release|Any CPU
		{1B990FE7-87DA-4E2C-8D53-FDC4F479B790}.Release|Any CPU.Build.0 = Release|Any CPU
		{AFF15A0C-5641-4400-8C5F-FBC6FE253CEB}.Debug|Any CPU.ActiveCfg = Debug|Any CPU
		{AFF15A0C-5641-4400-8C5F-FBC6FE253CEB}.Debug|Any CPU.Build.0 = Debug|Any CPU
		{AFF15A0C-5641-4400-8C5F-FBC6FE253CEB}.Release|Any CPU.ActiveCfg = Release|Any CPU
		{AFF15A0C-5641-4400-8C5F-FBC6FE253CEB}.Release|Any CPU.Build.0 = Release|Any CPU
	EndGlobalSection
	GlobalSection(SolutionProperties) = preSolution
		HideSolutionNode = FALSE
	EndGlobalSection
	GlobalSection(NestedProjects) = preSolution
		{CD0D34CC-F635-4036-96A7-21095F8F947F} = {016C529B-33E0-4A0C-B231-F307D84F1CE8}
		{1B990FE7-87DA-4E2C-8D53-FDC4F479B790} = {016C529B-33E0-4A0C-B231-F307D84F1CE8}
		{AFF15A0C-5641-4400-8C5F-FBC6FE253CEB} = {016C529B-33E0-4A0C-B231-F307D84F1CE8}
	EndGlobalSection
	GlobalSection(ExtensibilityGlobals) = postSolution
		SolutionGuid = {3016FF55-2A24-4A88-952D-E7E09BB5C77F}
	EndGlobalSection
EndGlobal
